
Microsoft Visual Studio Solution File, Format Version 12.00
# Visual Studio Version 17
VisualStudioVersion = 17.5.002.0
MinimumVisualStudioVersion = 10.0.40219.1
Project("{9A19103F-16F7-4668-BE54-9A1E7A4F7556}") = "VenteApp", "VenteApp.csproj", "{D1746A08-03C7-46B5-B276-5425C0F6EBDD}"
EndProject
Global
	GlobalSection(SolutionConfigurationPlatforms) = preSolution
		Debug|Any CPU = Debug|Any CPU
		Release|Any CPU = Release|Any CPU
	EndGlobalSection
	GlobalSection(ProjectConfigurationPlatforms) = postSolution
		{D1746A08-03C7-46B5-B276-5425C0F6EBDD}.Debug|Any CPU.ActiveCfg = Debug|Any CPU
		{D1746A08-03C7-46B5-B276-5425C0F6EBDD}.Debug|Any CPU.Build.0 = Debug|Any CPU
		{D1746A08-03C7-46B5-B276-5425C0F6EBDD}.Debug|Any CPU.Deploy.0 = Debug|Any CPU
		{D1746A08-03C7-46B5-B276-5425C0F6EBDD}.Release|Any CPU.ActiveCfg = Release|Any CPU
		{D1746A08-03C7-46B5-B276-5425C0F6EBDD}.Release|Any CPU.Build.0 = Release|Any CPU
	EndGlobalSection
	GlobalSection(SolutionProperties) = preSolution
		HideSolutionNode = FALSE
	EndGlobalSection
	GlobalSection(ExtensibilityGlobals) = postSolution
		SolutionGuid = {D9B53F20-CACF-4F23-8728-7FEA67257AF3}
	EndGlobalSection
EndGlobal
